// !$*UTF8*$!
{
	archiveVersion = 1;
	classes = {
	};
	objectVersion = 46;
	objects = {

/* Begin PBXBuildFile section */
		4A97420819AD970C0042EA36 /* Foundation.framework in Frameworks */ = {isa = PBXBuildFile; fileRef = 4A97420719AD970C0042EA36 /* Foundation.framework */; };
		4A97420A19AD970C0042EA36 /* CoreGraphics.framework in Frameworks */ = {isa = PBXBuildFile; fileRef = 4A97420919AD970C0042EA36 /* CoreGraphics.framework */; };
		4A97420C19AD970C0042EA36 /* UIKit.framework in Frameworks */ = {isa = PBXBuildFile; fileRef = 4A97420B19AD970C0042EA36 /* UIKit.framework */; };
		4A97420E19AD970C0042EA36 /* SpriteKit.framework in Frameworks */ = {isa = PBXBuildFile; fileRef = 4A97420D19AD970C0042EA36 /* SpriteKit.framework */; };
		4A97421419AD970C0042EA36 /* InfoPlist.strings in Resources */ = {isa = PBXBuildFile; fileRef = 4A97421219AD970C0042EA36 /* InfoPlist.strings */; };
		4A97421619AD970C0042EA36 /* main.m in Sources */ = {isa = PBXBuildFile; fileRef = 4A97421519AD970C0042EA36 /* main.m */; };
		4A97421A19AD970C0042EA36 /* gameAppDelegate.m in Sources */ = {isa = PBXBuildFile; fileRef = 4A97421919AD970C0042EA36 /* gameAppDelegate.m */; };
		4A97421D19AD970C0042EA36 /* Main.storyboard in Resources */ = {isa = PBXBuildFile; fileRef = 4A97421B19AD970C0042EA36 /* Main.storyboard */; };
		4A97422019AD970C0042EA36 /* gameViewController.m in Sources */ = {isa = PBXBuildFile; fileRef = 4A97421F19AD970C0042EA36 /* gameViewController.m */; };
		4A97422319AD970C0042EA36 /* gameMyScene.m in Sources */ = {isa = PBXBuildFile; fileRef = 4A97422219AD970C0042EA36 /* gameMyScene.m */; };
		4A97422519AD970C0042EA36 /* Spaceship.png in Resources */ = {isa = PBXBuildFile; fileRef = 4A97422419AD970C0042EA36 /* Spaceship.png */; };
		4A97422719AD970C0042EA36 /* Images.xcassets in Resources */ = {isa = PBXBuildFile; fileRef = 4A97422619AD970C0042EA36 /* Images.xcassets */; };
		4A97422E19AD970C0042EA36 /* XCTest.framework in Frameworks */ = {isa = PBXBuildFile; fileRef = 4A97422D19AD970C0042EA36 /* XCTest.framework */; };
		4A97422F19AD970C0042EA36 /* Foundation.framework in Frameworks */ = {isa = PBXBuildFile; fileRef = 4A97420719AD970C0042EA36 /* Foundation.framework */; };
		4A97423019AD970C0042EA36 /* UIKit.framework in Frameworks */ = {isa = PBXBuildFile; fileRef = 4A97420B19AD970C0042EA36 /* UIKit.framework */; };
		4A97423819AD970C0042EA36 /* InfoPlist.strings in Resources */ = {isa = PBXBuildFile; fileRef = 4A97423619AD970C0042EA36 /* InfoPlist.strings */; };
		4A97423A19AD970C0042EA36 /* Game3Tests.m in Sources */ = {isa = PBXBuildFile; fileRef = 4A97423919AD970C0042EA36 /* Game3Tests.m */; };
/* End PBXBuildFile section */

/* Begin PBXContainerItemProxy section */
		4A97423119AD970C0042EA36 /* PBXContainerItemProxy */ = {
			isa = PBXContainerItemProxy;
			containerPortal = 4A9741FC19AD970C0042EA36 /* Project object */;
			proxyType = 1;
			remoteGlobalIDString = 4A97420319AD970C0042EA36;
			remoteInfo = Game3;
		};
/* End PBXContainerItemProxy section */

/* Begin PBXFileReference section */
		4A97420419AD970C0042EA36 /* Game3.app */ = {isa = PBXFileReference; explicitFileType = wrapper.application; includeInIndex = 0; path = Game3.app; sourceTree = BUILT_PRODUCTS_DIR; };
		4A97420719AD970C0042EA36 /* Foundation.framework */ = {isa = PBXFileReference; lastKnownFileType = wrapper.framework; name = Foundation.framework; path = System/Library/Frameworks/Foundation.framework; sourceTree = SDKROOT; };
		4A97420919AD970C0042EA36 /* CoreGraphics.framework */ = {isa = PBXFileReference; lastKnownFileType = wrapper.framework; name = CoreGraphics.framework; path = System/Library/Frameworks/CoreGraphics.framework; sourceTree = SDKROOT; };
		4A97420B19AD970C0042EA36 /* UIKit.framework */ = {isa = PBXFileReference; lastKnownFileType = wrapper.framework; name = UIKit.framework; path = System/Library/Frameworks/UIKit.framework; sourceTree = SDKROOT; };
		4A97420D19AD970C0042EA36 /* SpriteKit.framework */ = {isa = PBXFileReference; lastKnownFileType = wrapper.framework; name = SpriteKit.framework; path = System/Library/Frameworks/SpriteKit.framework; sourceTree = SDKROOT; };
		4A97421119AD970C0042EA36 /* Game3-Info.plist */ = {isa = PBXFileReference; lastKnownFileType = text.plist.xml; path = "Game3-Info.plist"; sourceTree = "<group>"; };
		4A97421319AD970C0042EA36 /* en */ = {isa = PBXFileReference; lastKnownFileType = text.plist.strings; name = en; path = en.lproj/InfoPlist.strings; sourceTree = "<group>"; };
		4A97421519AD970C0042EA36 /* main.m */ = {isa = PBXFileReference; lastKnownFileType = sourcecode.c.objc; path = main.m; sourceTree = "<group>"; };
		4A97421719AD970C0042EA36 /* Game3-Prefix.pch */ = {isa = PBXFileReference; lastKnownFileType = sourcecode.c.h; path = "Game3-Prefix.pch"; sourceTree = "<group>"; };
		4A97421819AD970C0042EA36 /* gameAppDelegate.h */ = {isa = PBXFileReference; lastKnownFileType = sourcecode.c.h; path = gameAppDelegate.h; sourceTree = "<group>"; };
		4A97421919AD970C0042EA36 /* gameAppDelegate.m */ = {isa = PBXFileReference; lastKnownFileType = sourcecode.c.objc; path = gameAppDelegate.m; sourceTree = "<group>"; };
		4A97421C19AD970C0042EA36 /* Base */ = {isa = PBXFileReference; lastKnownFileType = file.storyboard; name = Base; path = Base.lproj/Main.storyboard; sourceTree = "<group>"; };
		4A97421E19AD970C0042EA36 /* gameViewController.h */ = {isa = PBXFileReference; lastKnownFileType = sourcecode.c.h; path = gameViewController.h; sourceTree = "<group>"; };
		4A97421F19AD970C0042EA36 /* gameViewController.m */ = {isa = PBXFileReference; lastKnownFileType = sourcecode.c.objc; path = gameViewController.m; sourceTree = "<group>"; };
		4A97422119AD970C0042EA36 /* gameMyScene.h */ = {isa = PBXFileReference; lastKnownFileType = sourcecode.c.h; path = gameMyScene.h; sourceTree = "<group>"; };
		4A97422219AD970C0042EA36 /* gameMyScene.m */ = {isa = PBXFileReference; lastKnownFileType = sourcecode.c.objc; path = gameMyScene.m; sourceTree = "<group>"; };
		4A97422419AD970C0042EA36 /* Spaceship.png */ = {isa = PBXFileReference; lastKnownFileType = image.png; path = Spaceship.png; sourceTree = "<group>"; };
		4A97422619AD970C0042EA36 /* Images.xcassets */ = {isa = PBXFileReference; lastKnownFileType = folder.assetcatalog; path = Images.xcassets; sourceTree = "<group>"; };
		4A97422C19AD970C0042EA36 /* Game3Tests.xctest */ = {isa = PBXFileReference; explicitFileType = wrapper.cfbundle; includeInIndex = 0; path = Game3Tests.xctest; sourceTree = BUILT_PRODUCTS_DIR; };
		4A97422D19AD970C0042EA36 /* XCTest.framework */ = {isa = PBXFileReference; lastKnownFileType = wrapper.framework; name = XCTest.framework; path = Library/Frameworks/XCTest.framework; sourceTree = DEVELOPER_DIR; };
		4A97423519AD970C0042EA36 /* Game3Tests-Info.plist */ = {isa = PBXFileReference; lastKnownFileType = text.plist.xml; path = "Game3Tests-Info.plist"; sourceTree = "<group>"; };
		4A97423719AD970C0042EA36 /* en */ = {isa = PBXFileReference; lastKnownFileType = text.plist.strings; name = en; path = en.lproj/InfoPlist.strings; sourceTree = "<group>"; };
		4A97423919AD970C0042EA36 /* Game3Tests.m */ = {isa = PBXFileReference; lastKnownFileType = sourcecode.c.objc; path = Game3Tests.m; sourceTree = "<group>"; };
/* End PBXFileReference section */

/* Begin PBXFrameworksBuildPhase section */
		4A97420119AD970C0042EA36 /* Frameworks */ = {
			isa = PBXFrameworksBuildPhase;
			buildActionMask = 2147483647;
			files = (
				4A97420A19AD970C0042EA36 /* CoreGraphics.framework in Frameworks */,
				4A97420C19AD970C0042EA36 /* UIKit.framework in Frameworks */,
				4A97420E19AD970C0042EA36 /* SpriteKit.framework in Frameworks */,
				4A97420819AD970C0042EA36 /* Foundation.framework in Frameworks */,
			);
			runOnlyForDeploymentPostprocessing = 0;
		};
		4A97422919AD970C0042EA36 /* Frameworks */ = {
			isa = PBXFrameworksBuildPhase;
			buildActionMask = 2147483647;
			files = (
				4A97422E19AD970C0042EA36 /* XCTest.framework in Frameworks */,
				4A97423019AD970C0042EA36 /* UIKit.framework in Frameworks */,
				4A97422F19AD970C0042EA36 /* Foundation.framework in Frameworks */,
			);
			runOnlyForDeploymentPostprocessing = 0;
		};
/* End PBXFrameworksBuildPhase section */

/* Begin PBXGroup section */
		4A9741FB19AD970C0042EA36 = {
			isa = PBXGroup;
			children = (
				4A97420F19AD970C0042EA36 /* Game3 */,
				4A97423319AD970C0042EA36 /* Game3Tests */,
				4A97420619AD970C0042EA36 /* Frameworks */,
				4A97420519AD970C0042EA36 /* Products */,
			);
			sourceTree = "<group>";
		};
		4A97420519AD970C0042EA36 /* Products */ = {
			isa = PBXGroup;
			children = (
				4A97420419AD970C0042EA36 /* Game3.app */,
				4A97422C19AD970C0042EA36 /* Game3Tests.xctest */,
			);
			name = Products;
			sourceTree = "<group>";
		};
		4A97420619AD970C0042EA36 /* Frameworks */ = {
			isa = PBXGroup;
			children = (
				4A97420719AD970C0042EA36 /* Foundation.framework */,
				4A97420919AD970C0042EA36 /* CoreGraphics.framework */,
				4A97420B19AD970C0042EA36 /* UIKit.framework */,
				4A97420D19AD970C0042EA36 /* SpriteKit.framework */,
				4A97422D19AD970C0042EA36 /* XCTest.framework */,
			);
			name = Frameworks;
			sourceTree = "<group>";
		};
		4A97420F19AD970C0042EA36 /* Game3 */ = {
			isa = PBXGroup;
			children = (
				4A97421819AD970C0042EA36 /* gameAppDelegate.h */,
				4A97421919AD970C0042EA36 /* gameAppDelegate.m */,
				4A97421B19AD970C0042EA36 /* Main.storyboard */,
				4A97421E19AD970C0042EA36 /* gameViewController.h */,
				4A97421F19AD970C0042EA36 /* gameViewController.m */,
				4A97422119AD970C0042EA36 /* gameMyScene.h */,
				4A97422219AD970C0042EA36 /* gameMyScene.m */,
				4A97422419AD970C0042EA36 /* Spaceship.png */,
				4A97422619AD970C0042EA36 /* Images.xcassets */,
				4A97421019AD970C0042EA36 /* Supporting Files */,
			);
			path = Game3;
			sourceTree = "<group>";
		};
		4A97421019AD970C0042EA36 /* Supporting Files */ = {
			isa = PBXGroup;
			children = (
				4A97421119AD970C0042EA36 /* Game3-Info.plist */,
				4A97421219AD970C0042EA36 /* InfoPlist.strings */,
				4A97421519AD970C0042EA36 /* main.m */,
				4A97421719AD970C0042EA36 /* Game3-Prefix.pch */,
			);
			name = "Supporting Files";
			sourceTree = "<group>";
		};
		4A97423319AD970C0042EA36 /* Game3Tests */ = {
			isa = PBXGroup;
			children = (
				4A97423919AD970C0042EA36 /* Game3Tests.m */,
				4A97423419AD970C0042EA36 /* Supporting Files */,
			);
			path = Game3Tests;
			sourceTree = "<group>";
		};
		4A97423419AD970C0042EA36 /* Supporting Files */ = {
			isa = PBXGroup;
			children = (
				4A97423519AD970C0042EA36 /* Game3Tests-Info.plist */,
				4A97423619AD970C0042EA36 /* InfoPlist.strings */,
			);
			name = "Supporting Files";
			sourceTree = "<group>";
		};
/* End PBXGroup section */

/* Begin PBXNativeTarget section */
		4A97420319AD970C0042EA36 /* Game3 */ = {
			isa = PBXNativeTarget;
			buildConfigurationList = 4A97423D19AD970C0042EA36 /* Build configuration list for PBXNativeTarget "Game3" */;
			buildPhases = (
				4A97420019AD970C0042EA36 /* Sources */,
				4A97420119AD970C0042EA36 /* Frameworks */,
				4A97420219AD970C0042EA36 /* Resources */,
			);
			buildRules = (
			);
			dependencies = (
			);
			name = Game3;
			productName = Game3;
			productReference = 4A97420419AD970C0042EA36 /* Game3.app */;
			productType = "com.apple.product-type.application";
		};
		4A97422B19AD970C0042EA36 /* Game3Tests */ = {
			isa = PBXNativeTarget;
			buildConfigurationList = 4A97424019AD970C0042EA36 /* Build configuration list for PBXNativeTarget "Game3Tests" */;
			buildPhases = (
				4A97422819AD970C0042EA36 /* Sources */,
				4A97422919AD970C0042EA36 /* Frameworks */,
				4A97422A19AD970C0042EA36 /* Resources */,
			);
			buildRules = (
			);
			dependencies = (
				4A97423219AD970C0042EA36 /* PBXTargetDependency */,
			);
			name = Game3Tests;
			productName = Game3Tests;
			productReference = 4A97422C19AD970C0042EA36 /* Game3Tests.xctest */;
			productType = "com.apple.product-type.bundle.unit-test";
		};
/* End PBXNativeTarget section */

/* Begin PBXProject section */
		4A9741FC19AD970C0042EA36 /* Project object */ = {
			isa = PBXProject;
			attributes = {
				CLASSPREFIX = game;
				LastUpgradeCheck = 0500;
				ORGANIZATIONNAME = Jorganes;
				TargetAttributes = {
					4A97422B19AD970C0042EA36 = {
						TestTargetID = 4A97420319AD970C0042EA36;
					};
				};
			};
			buildConfigurationList = 4A9741FF19AD970C0042EA36 /* Build configuration list for PBXProject "Game3" */;
			compatibilityVersion = "Xcode 3.2";
			developmentRegion = English;
			hasScannedForEncodings = 0;
			knownRegions = (
				en,
				Base,
			);
			mainGroup = 4A9741FB19AD970C0042EA36;
			productRefGroup = 4A97420519AD970C0042EA36 /* Products */;
			projectDirPath = "";
			projectRoot = "";
			targets = (
				4A97420319AD970C0042EA36 /* Game3 */,
				4A97422B19AD970C0042EA36 /* Game3Tests */,
			);
		};
/* End PBXProject section */

/* Begin PBXResourcesBuildPhase section */
		4A97420219AD970C0042EA36 /* Resources */ = {
			isa = PBXResourcesBuildPhase;
			buildActionMask = 2147483647;
			files = (
				4A97421419AD970C0042EA36 /* InfoPlist.strings in Resources */,
				4A97422719AD970C0042EA36 /* Images.xcassets in Resources */,
				4A97422519AD970C0042EA36 /* Spaceship.png in Resources */,
				4A97421D19AD970C0042EA36 /* Main.storyboard in Resources */,
			);
			runOnlyForDeploymentPostprocessing = 0;
		};
		4A97422A19AD970C0042EA36 /* Resources */ = {
			isa = PBXResourcesBuildPhase;
			buildActionMask = 2147483647;
			files = (
				4A97423819AD970C0042EA36 /* InfoPlist.strings in Resources */,
			);
			runOnlyForDeploymentPostprocessing = 0;
		};
/* End PBXResourcesBuildPhase section */

/* Begin PBXSourcesBuildPhase section */
		4A97420019AD970C0042EA36 /* Sources */ = {
			isa = PBXSourcesBuildPhase;
			buildActionMask = 2147483647;
			files = (
				4A97421A19AD970C0042EA36 /* gameAppDelegate.m in Sources */,
				4A97422019AD970C0042EA36 /* gameViewController.m in Sources */,
				4A97422319AD970C0042EA36 /* gameMyScene.m in Sources */,
				4A97421619AD970C0042EA36 /* main.m in Sources */,
			);
			runOnlyForDeploymentPostprocessing = 0;
		};
		4A97422819AD970C0042EA36 /* Sources */ = {
			isa = PBXSourcesBuildPhase;
			buildActionMask = 2147483647;
			files = (
				4A97423A19AD970C0042EA36 /* Game3Tests.m in Sources */,
			);
			runOnlyForDeploymentPostprocessing = 0;
		};
/* End PBXSourcesBuildPhase section */

/* Begin PBXTargetDependency section */
		4A97423219AD970C0042EA36 /* PBXTargetDependency */ = {
			isa = PBXTargetDependency;
			target = 4A97420319AD970C0042EA36 /* Game3 */;
			targetProxy = 4A97423119AD970C0042EA36 /* PBXContainerItemProxy */;
		};
/* End PBXTargetDependency section */

/* Begin PBXVariantGroup section */
		4A97421219AD970C0042EA36 /* InfoPlist.strings */ = {
			isa = PBXVariantGroup;
			children = (
				4A97421319AD970C0042EA36 /* en */,
			);
			name = InfoPlist.strings;
			sourceTree = "<group>";
		};
		4A97421B19AD970C0042EA36 /* Main.storyboard */ = {
			isa = PBXVariantGroup;
			children = (
				4A97421C19AD970C0042EA36 /* Base */,
			);
			name = Main.storyboard;
			sourceTree = "<group>";
		};
		4A97423619AD970C0042EA36 /* InfoPlist.strings */ = {
			isa = PBXVariantGroup;
			children = (
				4A97423719AD970C0042EA36 /* en */,
			);
			name = InfoPlist.strings;
			sourceTree = "<group>";
		};
/* End PBXVariantGroup section */

/* Begin XCBuildConfiguration section */
		4A97423B19AD970C0042EA36 /* Debug */ = {
			isa = XCBuildConfiguration;
			buildSettings = {
				ALWAYS_SEARCH_USER_PATHS = NO;
				ARCHS = "$(ARCHS_STANDARD_INCLUDING_64_BIT)";
				CLANG_CXX_LANGUAGE_STANDARD = "gnu++0x";
				CLANG_CXX_LIBRARY = "libc++";
				CLANG_ENABLE_MODULES = YES;
				CLANG_ENABLE_OBJC_ARC = YES;
				CLANG_WARN_BOOL_CONVERSION = YES;
				CLANG_WARN_CONSTANT_CONVERSION = YES;
				CLANG_WARN_DIRECT_OBJC_ISA_USAGE = YES_ERROR;
				CLANG_WARN_EMPTY_BODY = YES;
				CLANG_WARN_ENUM_CONVERSION = YES;
				CLANG_WARN_INT_CONVERSION = YES;
				CLANG_WARN_OBJC_ROOT_CLASS = YES_ERROR;
				CLANG_WARN__DUPLICATE_METHOD_MATCH = YES;
				"CODE_SIGN_IDENTITY[sdk=iphoneos*]" = "iPhone Developer";
				COPY_PHASE_STRIP = NO;
				GCC_C_LANGUAGE_STANDARD = gnu99;
				GCC_DYNAMIC_NO_PIC = NO;
				GCC_OPTIMIZATION_LEVEL = 0;
				GCC_PREPROCESSOR_DEFINITIONS = (
					"DEBUG=1",
					"$(inherited)",
				);
				GCC_SYMBOLS_PRIVATE_EXTERN = NO;
				GCC_WARN_64_TO_32_BIT_CONVERSION = YES;
				GCC_WARN_ABOUT_RETURN_TYPE = YES_ERROR;
				GCC_WARN_UNDECLARED_SELECTOR = YES;
				GCC_WARN_UNINITIALIZED_AUTOS = YES;
				GCC_WARN_UNUSED_FUNCTION = YES;
				GCC_WARN_UNUSED_VARIABLE = YES;
				IPHONEOS_DEPLOYMENT_TARGET = 7.0;
				ONLY_ACTIVE_ARCH = YES;
				SDKROOT = iphoneos;
				TARGETED_DEVICE_FAMILY = 2;
			};
			name = Debug;
		};
		4A97423C19AD970C0042EA36 /* Release */ = {
			isa = XCBuildConfiguration;
			buildSettings = {
				ALWAYS_SEARCH_USER_PATHS = NO;
				ARCHS = "$(ARCHS_STANDARD_INCLUDING_64_BIT)";
				CLANG_CXX_LANGUAGE_STANDARD = "gnu++0x";
				CLANG_CXX_LIBRARY = "libc++";
				CLANG_ENABLE_MODULES = YES;
				CLANG_ENABLE_OBJC_ARC = YES;
				CLANG_WARN_BOOL_CONVERSION = YES;
				CLANG_WARN_CONSTANT_CONVERSION = YES;
				CLANG_WARN_DIRECT_OBJC_ISA_USAGE = YES_ERROR;
				CLANG_WARN_EMPTY_BODY = YES;
				CLANG_WARN_ENUM_CONVERSION = YES;
				CLANG_WARN_INT_CONVERSION = YES;
				CLANG_WARN_OBJC_ROOT_CLASS = YES_ERROR;
				CLANG_WARN__DUPLICATE_METHOD_MATCH = YES;
				"CODE_SIGN_IDENTITY[sdk=iphoneos*]" = "iPhone Developer";
				COPY_PHASE_STRIP = YES;
				ENABLE_NS_ASSERTIONS = NO;
				GCC_C_LANGUAGE_STANDARD = gnu99;
				GCC_WARN_64_TO_32_BIT_CONVERSION = YES;
				GCC_WARN_ABOUT_RETURN_TYPE = YES_ERROR;
				GCC_WARN_UNDECLARED_SELECTOR = YES;
				GCC_WARN_UNINITIALIZED_AUTOS = YES;
				GCC_WARN_UNUSED_FUNCTION = YES;
				GCC_WARN_UNUSED_VARIABLE = YES;
				IPHONEOS_DEPLOYMENT_TARGET = 7.0;
				SDKROOT = iphoneos;
				TARGETED_DEVICE_FAMILY = 2;
				VALIDATE_PRODUCT = YES;
			};
			name = Release;
		};
		4A97423E19AD970C0042EA36 /* Debug */ = {
			isa = XCBuildConfiguration;
			buildSettings = {
				ASSETCATALOG_COMPILER_APPICON_NAME = AppIcon;
				ASSETCATALOG_COMPILER_LAUNCHIMAGE_NAME = LaunchImage;
				GCC_PRECOMPILE_PREFIX_HEADER = YES;
				GCC_PREFIX_HEADER = "Game3/Game3-Prefix.pch";
				INFOPLIST_FILE = "Game3/Game3-Info.plist";
				PRODUCT_NAME = "$(TARGET_NAME)";
				SPRITEKIT_TEXTURE_ATLAS_OUTPUT = YES;
				WRAPPER_EXTENSION = app;
			};
			name = Debug;
		};
		4A97423F19AD970C0042EA36 /* Release */ = {
			isa = XCBuildConfiguration;
			buildSettings = {
				ASSETCATALOG_COMPILER_APPICON_NAME = AppIcon;
				ASSETCATALOG_COMPILER_LAUNCHIMAGE_NAME = LaunchImage;
				GCC_PRECOMPILE_PREFIX_HEADER = YES;
				GCC_PREFIX_HEADER = "Game3/Game3-Prefix.pch";
				INFOPLIST_FILE = "Game3/Game3-Info.plist";
				PRODUCT_NAME = "$(TARGET_NAME)";
				SPRITEKIT_TEXTURE_ATLAS_OUTPUT = YES;
				WRAPPER_EXTENSION = app;
			};
			name = Release;
		};
		4A97424119AD970C0042EA36 /* Debug */ = {
			isa = XCBuildConfiguration;
			buildSettings = {
				ARCHS = "$(ARCHS_STANDARD_INCLUDING_64_BIT)";
				BUNDLE_LOADER = "$(BUILT_PRODUCTS_DIR)/Game3.app/Game3";
				FRAMEWORK_SEARCH_PATHS = (
					"$(SDKROOT)/Developer/Library/Frameworks",
					"$(inherited)",
					"$(DEVELOPER_FRAMEWORKS_DIR)",
				);
				GCC_PRECOMPILE_PREFIX_HEADER = YES;
				GCC_PREFIX_HEADER = "Game3/Game3-Prefix.pch";
				GCC_PREPROCESSOR_DEFINITIONS = (
					"DEBUG=1",
					"$(inherited)",
				);
				INFOPLIST_FILE = "Game3Tests/Game3Tests-Info.plist";
				PRODUCT_NAME = "$(TARGET_NAME)";
				TEST_HOST = "$(BUNDLE_LOADER)";
				WRAPPER_EXTENSION = xctest;
			};
			name = Debug;
		};
		4A97424219AD970C0042EA36 /* Release */ = {
			isa = XCBuildConfiguration;
			buildSettings = {
				ARCHS = "$(ARCHS_STANDARD_INCLUDING_64_BIT)";
				BUNDLE_LOADER = "$(BUILT_PRODUCTS_DIR)/Game3.app/Game3";
				FRAMEWORK_SEARCH_PATHS = (
					"$(SDKROOT)/Developer/Library/Frameworks",
					"$(inherited)",
					"$(DEVELOPER_FRAMEWORKS_DIR)",
				);
				GCC_PRECOMPILE_PREFIX_HEADER = YES;
				GCC_PREFIX_HEADER = "Game3/Game3-Prefix.pch";
				INFOPLIST_FILE = "Game3Tests/Game3Tests-Info.plist";
				PRODUCT_NAME = "$(TARGET_NAME)";
				TEST_HOST = "$(BUNDLE_LOADER)";
				WRAPPER_EXTENSION = xctest;
			};
			name = Release;
		};
/* End XCBuildConfiguration section */

/* Begin XCConfigurationList section */
		4A9741FF19AD970C0042EA36 /* Build configuration list for PBXProject "Game3" */ = {
			isa = XCConfigurationList;
			buildConfigurations = (
				4A97423B19AD970C0042EA36 /* Debug */,
				4A97423C19AD970C0042EA36 /* Release */,
			);
			defaultConfigurationIsVisible = 0;
			defaultConfigurationName = Release;
		};
		4A97423D19AD970C0042EA36 /* Build configuration list for PBXNativeTarget "Game3" */ = {
			isa = XCConfigurationList;
			buildConfigurations = (
				4A97423E19AD970C0042EA36 /* Debug */,
				4A97423F19AD970C0042EA36 /* Release */,
			);
			defaultConfigurationIsVisible = 0;
		};
		4A97424019AD970C0042EA36 /* Build configuration list for PBXNativeTarget "Game3Tests" */ = {
			isa = XCConfigurationList;
			buildConfigurations = (
				4A97424119AD970C0042EA36 /* Debug */,
				4A97424219AD970C0042EA36 /* Release */,
			);
			defaultConfigurationIsVisible = 0;
		};
/* End XCConfigurationList section */
	};
	rootObject = 4A9741FC19AD970C0042EA36 /* Project object */;
}
